// !$*UTF8*$!
{
	archiveVersion = 1;
	classes = {
	};
	objectVersion = 50;
	objects = {

/* Begin PBXBuildFile section */
		17C079FA23A058E200719A4A /* AudioPlayer.swift in Sources */ = {isa = PBXBuildFile; fileRef = 17C079F923A058E200719A4A /* AudioPlayer.swift */; };
		17C079FC23A05C6000719A4A /* sample.wav in Resources */ = {isa = PBXBuildFile; fileRef = 17C079FB23A05C6000719A4A /* sample.wav */; };
		6B3D18C3239BF9750083E04A /* SpinnableRing.swift in Sources */ = {isa = PBXBuildFile; fileRef = 6B3D18C2239BF9750083E04A /* SpinnableRing.swift */; };
		6B3D18C5239BF9AA0083E04A /* Rotation.swift in Sources */ = {isa = PBXBuildFile; fileRef = 6B3D18C4239BF9AA0083E04A /* Rotation.swift */; };
		6B60A32C2397DCED006B9066 /* SongCardView.swift in Sources */ = {isa = PBXBuildFile; fileRef = 6B60A32B2397DCED006B9066 /* SongCardView.swift */; };
		6B60A32E2397DEAE006B9066 /* ContentView.swift in Sources */ = {isa = PBXBuildFile; fileRef = 6B60A32D2397DEAE006B9066 /* ContentView.swift */; };
		6B60A33123991119006B9066 /* Song.swift in Sources */ = {isa = PBXBuildFile; fileRef = 6B60A33023991118006B9066 /* Song.swift */; };
		6B60A333239914FB006B9066 /* AlbumView.swift in Sources */ = {isa = PBXBuildFile; fileRef = 6B60A332239914FB006B9066 /* AlbumView.swift */; };
		6B6A6106239E4AEB008ADA4A /* Buildable.swift in Sources */ = {isa = PBXBuildFile; fileRef = 6B6A6105239E4AEB008ADA4A /* Buildable.swift */; };
		6B6A6108239EB17A008ADA4A /* Region.swift in Sources */ = {isa = PBXBuildFile; fileRef = 6B6A6107239EB17A008ADA4A /* Region.swift */; };
		6B6A610A239EB35E008ADA4A /* CGPoint+Region.swift in Sources */ = {isa = PBXBuildFile; fileRef = 6B6A6109239EB35E008ADA4A /* CGPoint+Region.swift */; };
		6B8AEBFF2397C7E300017FFD /* AppDelegate.swift in Sources */ = {isa = PBXBuildFile; fileRef = 6B8AEBFE2397C7E300017FFD /* AppDelegate.swift */; };
		6B8AEC012397C7E300017FFD /* SceneDelegate.swift in Sources */ = {isa = PBXBuildFile; fileRef = 6B8AEC002397C7E300017FFD /* SceneDelegate.swift */; };
		6B8AEC032397C7E300017FFD /* ControlPadView.swift in Sources */ = {isa = PBXBuildFile; fileRef = 6B8AEC022397C7E300017FFD /* ControlPadView.swift */; };
		6B8AEC052397C7E500017FFD /* Assets.xcassets in Resources */ = {isa = PBXBuildFile; fileRef = 6B8AEC042397C7E500017FFD /* Assets.xcassets */; };
		6B8AEC082397C7E500017FFD /* Preview Assets.xcassets in Resources */ = {isa = PBXBuildFile; fileRef = 6B8AEC072397C7E500017FFD /* Preview Assets.xcassets */; };
		6B8AEC0B2397C7E500017FFD /* LaunchScreen.storyboard in Resources */ = {isa = PBXBuildFile; fileRef = 6B8AEC092397C7E500017FFD /* LaunchScreen.storyboard */; };
		6B8AEC142397D56B00017FFD /* Ring.swift in Sources */ = {isa = PBXBuildFile; fileRef = 6B8AEC132397D56B00017FFD /* Ring.swift */; };
		6BB67588239958C100932576 /* Pager.swift in Sources */ = {isa = PBXBuildFile; fileRef = 6BB67587239958C100932576 /* Pager.swift */; };
		6BC8F80023A2B9EA009C020D /* StyleManager.swift in Sources */ = {isa = PBXBuildFile; fileRef = 6BC8F7FF23A2B9EA009C020D /* StyleManager.swift */; };
		6BCC70B0239D414D008CAD47 /* CGPoint+Angle.swift in Sources */ = {isa = PBXBuildFile; fileRef = 6BCC70AF239D414D008CAD47 /* CGPoint+Angle.swift */; };
/* End PBXBuildFile section */

/* Begin PBXFileReference section */
		17C079F923A058E200719A4A /* AudioPlayer.swift */ = {isa = PBXFileReference; lastKnownFileType = sourcecode.swift; path = AudioPlayer.swift; sourceTree = "<group>"; };
		17C079FB23A05C6000719A4A /* sample.wav */ = {isa = PBXFileReference; lastKnownFileType = audio.wav; path = sample.wav; sourceTree = "<group>"; };
		6B3D18C2239BF9750083E04A /* SpinnableRing.swift */ = {isa = PBXFileReference; lastKnownFileType = sourcecode.swift; path = SpinnableRing.swift; sourceTree = "<group>"; };
		6B3D18C4239BF9AA0083E04A /* Rotation.swift */ = {isa = PBXFileReference; lastKnownFileType = sourcecode.swift; path = Rotation.swift; sourceTree = "<group>"; };
		6B60A32B2397DCED006B9066 /* SongCardView.swift */ = {isa = PBXFileReference; lastKnownFileType = sourcecode.swift; path = SongCardView.swift; sourceTree = "<group>"; };
		6B60A32D2397DEAE006B9066 /* ContentView.swift */ = {isa = PBXFileReference; lastKnownFileType = sourcecode.swift; path = ContentView.swift; sourceTree = "<group>"; };
		6B60A33023991118006B9066 /* Song.swift */ = {isa = PBXFileReference; lastKnownFileType = sourcecode.swift; path = Song.swift; sourceTree = "<group>"; };
		6B60A332239914FB006B9066 /* AlbumView.swift */ = {isa = PBXFileReference; lastKnownFileType = sourcecode.swift; path = AlbumView.swift; sourceTree = "<group>"; };
		6B6A6105239E4AEB008ADA4A /* Buildable.swift */ = {isa = PBXFileReference; lastKnownFileType = sourcecode.swift; path = Buildable.swift; sourceTree = "<group>"; };
		6B6A6107239EB17A008ADA4A /* Region.swift */ = {isa = PBXFileReference; lastKnownFileType = sourcecode.swift; path = Region.swift; sourceTree = "<group>"; };
		6B6A6109239EB35E008ADA4A /* CGPoint+Region.swift */ = {isa = PBXFileReference; lastKnownFileType = sourcecode.swift; path = "CGPoint+Region.swift"; sourceTree = "<group>"; };
		6B8AEBFB2397C7E300017FFD /* iPod.app */ = {isa = PBXFileReference; explicitFileType = wrapper.application; includeInIndex = 0; path = iPod.app; sourceTree = BUILT_PRODUCTS_DIR; };
		6B8AEBFE2397C7E300017FFD /* AppDelegate.swift */ = {isa = PBXFileReference; lastKnownFileType = sourcecode.swift; path = AppDelegate.swift; sourceTree = "<group>"; };
		6B8AEC002397C7E300017FFD /* SceneDelegate.swift */ = {isa = PBXFileReference; lastKnownFileType = sourcecode.swift; path = SceneDelegate.swift; sourceTree = "<group>"; };
		6B8AEC022397C7E300017FFD /* ControlPadView.swift */ = {isa = PBXFileReference; lastKnownFileType = sourcecode.swift; path = ControlPadView.swift; sourceTree = "<group>"; };
		6B8AEC042397C7E500017FFD /* Assets.xcassets */ = {isa = PBXFileReference; lastKnownFileType = folder.assetcatalog; path = Assets.xcassets; sourceTree = "<group>"; };
		6B8AEC072397C7E500017FFD /* Preview Assets.xcassets */ = {isa = PBXFileReference; lastKnownFileType = folder.assetcatalog; path = "Preview Assets.xcassets"; sourceTree = "<group>"; };
		6B8AEC0A2397C7E500017FFD /* Base */ = {isa = PBXFileReference; lastKnownFileType = file.storyboard; name = Base; path = Base.lproj/LaunchScreen.storyboard; sourceTree = "<group>"; };
		6B8AEC0C2397C7E500017FFD /* Info.plist */ = {isa = PBXFileReference; lastKnownFileType = text.plist.xml; path = Info.plist; sourceTree = "<group>"; };
		6B8AEC132397D56B00017FFD /* Ring.swift */ = {isa = PBXFileReference; lastKnownFileType = sourcecode.swift; path = Ring.swift; sourceTree = "<group>"; };
		6BB67587239958C100932576 /* Pager.swift */ = {isa = PBXFileReference; lastKnownFileType = sourcecode.swift; path = Pager.swift; sourceTree = "<group>"; };
		6BC8F7FF23A2B9EA009C020D /* StyleManager.swift */ = {isa = PBXFileReference; lastKnownFileType = sourcecode.swift; path = StyleManager.swift; sourceTree = "<group>"; };
		6BCC70AF239D414D008CAD47 /* CGPoint+Angle.swift */ = {isa = PBXFileReference; lastKnownFileType = sourcecode.swift; path = "CGPoint+Angle.swift"; sourceTree = "<group>"; };
/* End PBXFileReference section */

/* Begin PBXFrameworksBuildPhase section */
		6B8AEBF82397C7E300017FFD /* Frameworks */ = {
			isa = PBXFrameworksBuildPhase;
			buildActionMask = 2147483647;
			files = (
			);
			runOnlyForDeploymentPostprocessing = 0;
		};
/* End PBXFrameworksBuildPhase section */

/* Begin PBXGroup section */
		17C079F823A058B400719A4A /* UseCase */ = {
			isa = PBXGroup;
			children = (
				17C079FB23A05C6000719A4A /* sample.wav */,
				17C079F923A058E200719A4A /* AudioPlayer.swift */,
			);
			path = UseCase;
			sourceTree = "<group>";
		};
		6B60A32F23991101006B9066 /* Model */ = {
			isa = PBXGroup;
			children = (
				6B60A33023991118006B9066 /* Song.swift */,
				6B3D18C4239BF9AA0083E04A /* Rotation.swift */,
				6BCC70AF239D414D008CAD47 /* CGPoint+Angle.swift */,
				6B6A6109239EB35E008ADA4A /* CGPoint+Region.swift */,
				6B6A6105239E4AEB008ADA4A /* Buildable.swift */,
				6B6A6107239EB17A008ADA4A /* Region.swift */,
			);
			path = Model;
			sourceTree = "<group>";
		};
		6B8AEBF22397C7E300017FFD = {
			isa = PBXGroup;
			children = (
				6B8AEBFD2397C7E300017FFD /* iPod */,
				6B8AEBFC2397C7E300017FFD /* Products */,
			);
			sourceTree = "<group>";
		};
		6B8AEBFC2397C7E300017FFD /* Products */ = {
			isa = PBXGroup;
			children = (
				6B8AEBFB2397C7E300017FFD /* iPod.app */,
			);
			name = Products;
			sourceTree = "<group>";
		};
		6B8AEBFD2397C7E300017FFD /* iPod */ = {
			isa = PBXGroup;
			children = (
				6BC8F7FE23A2B9D7009C020D /* StyleManager */,
				17C079F823A058B400719A4A /* UseCase */,
				6B8AEBFE2397C7E300017FFD /* AppDelegate.swift */,
				6B8AEC002397C7E300017FFD /* SceneDelegate.swift */,
				6B60A32F23991101006B9066 /* Model */,
				6B8AEC122397D53D00017FFD /* View */,
				6B8AEC042397C7E500017FFD /* Assets.xcassets */,
				6B8AEC092397C7E500017FFD /* LaunchScreen.storyboard */,
				6B8AEC0C2397C7E500017FFD /* Info.plist */,
				6B8AEC062397C7E500017FFD /* Preview Content */,
			);
			path = iPod;
			sourceTree = "<group>";
		};
		6B8AEC062397C7E500017FFD /* Preview Content */ = {
			isa = PBXGroup;
			children = (
				6B8AEC072397C7E500017FFD /* Preview Assets.xcassets */,
			);
			path = "Preview Content";
			sourceTree = "<group>";
		};
		6B8AEC122397D53D00017FFD /* View */ = {
			isa = PBXGroup;
			children = (
				6BB67586239958B100932576 /* Helper */,
				6BB67585239958A400932576 /* Display */,
				6BB675842399589500932576 /* ControlPad */,
				6B60A32D2397DEAE006B9066 /* ContentView.swift */,
			);
			path = View;
			sourceTree = "<group>";
		};
		6BB675842399589500932576 /* ControlPad */ = {
			isa = PBXGroup;
			children = (
				6B8AEC022397C7E300017FFD /* ControlPadView.swift */,
				6B8AEC132397D56B00017FFD /* Ring.swift */,
				6B3D18C2239BF9750083E04A /* SpinnableRing.swift */,
			);
			path = ControlPad;
			sourceTree = "<group>";
		};
		6BB67585239958A400932576 /* Display */ = {
			isa = PBXGroup;
			children = (
				6B60A32B2397DCED006B9066 /* SongCardView.swift */,
				6B60A332239914FB006B9066 /* AlbumView.swift */,
			);
			path = Display;
			sourceTree = "<group>";
		};
		6BB67586239958B100932576 /* Helper */ = {
			isa = PBXGroup;
			children = (
				6BB67587239958C100932576 /* Pager.swift */,
			);
			path = Helper;
			sourceTree = "<group>";
		};
		6BC8F7FE23A2B9D7009C020D /* StyleManager */ = {
			isa = PBXGroup;
			children = (
				6BC8F7FF23A2B9EA009C020D /* StyleManager.swift */,
			);
			path = StyleManager;
			sourceTree = "<group>";
		};
/* End PBXGroup section */

/* Begin PBXNativeTarget section */
		6B8AEBFA2397C7E300017FFD /* iPod */ = {
			isa = PBXNativeTarget;
			buildConfigurationList = 6B8AEC0F2397C7E500017FFD /* Build configuration list for PBXNativeTarget "iPod" */;
			buildPhases = (
				6B8AEBF72397C7E300017FFD /* Sources */,
				6B8AEBF82397C7E300017FFD /* Frameworks */,
				6B8AEBF92397C7E300017FFD /* Resources */,
			);
			buildRules = (
			);
			dependencies = (
			);
			name = iPod;
			productName = iPod;
			productReference = 6B8AEBFB2397C7E300017FFD /* iPod.app */;
			productType = "com.apple.product-type.application";
		};
/* End PBXNativeTarget section */

/* Begin PBXProject section */
		6B8AEBF32397C7E300017FFD /* Project object */ = {
			isa = PBXProject;
			attributes = {
				LastSwiftUpdateCheck = 1120;
				LastUpgradeCheck = 1120;
				ORGANIZATIONNAME = "Fernando Moya de Rivas";
				TargetAttributes = {
					6B8AEBFA2397C7E300017FFD = {
						CreatedOnToolsVersion = 11.2.1;
					};
				};
			};
			buildConfigurationList = 6B8AEBF62397C7E300017FFD /* Build configuration list for PBXProject "iPod" */;
			compatibilityVersion = "Xcode 9.3";
			developmentRegion = en;
			hasScannedForEncodings = 0;
			knownRegions = (
				en,
				Base,
			);
			mainGroup = 6B8AEBF22397C7E300017FFD;
			productRefGroup = 6B8AEBFC2397C7E300017FFD /* Products */;
			projectDirPath = "";
			projectRoot = "";
			targets = (
				6B8AEBFA2397C7E300017FFD /* iPod */,
			);
		};
/* End PBXProject section */

/* Begin PBXResourcesBuildPhase section */
		6B8AEBF92397C7E300017FFD /* Resources */ = {
			isa = PBXResourcesBuildPhase;
			buildActionMask = 2147483647;
			files = (
				17C079FC23A05C6000719A4A /* sample.wav in Resources */,
				6B8AEC0B2397C7E500017FFD /* LaunchScreen.storyboard in Resources */,
				6B8AEC082397C7E500017FFD /* Preview Assets.xcassets in Resources */,
				6B8AEC052397C7E500017FFD /* Assets.xcassets in Resources */,
			);
			runOnlyForDeploymentPostprocessing = 0;
		};
/* End PBXResourcesBuildPhase section */

/* Begin PBXSourcesBuildPhase section */
		6B8AEBF72397C7E300017FFD /* Sources */ = {
			isa = PBXSourcesBuildPhase;
			buildActionMask = 2147483647;
			files = (
				6BB67588239958C100932576 /* Pager.swift in Sources */,
				6B60A33123991119006B9066 /* Song.swift in Sources */,
				6BC8F80023A2B9EA009C020D /* StyleManager.swift in Sources */,
				6B8AEBFF2397C7E300017FFD /* AppDelegate.swift in Sources */,
				6B8AEC142397D56B00017FFD /* Ring.swift in Sources */,
				6B3D18C5239BF9AA0083E04A /* Rotation.swift in Sources */,
				6B3D18C3239BF9750083E04A /* SpinnableRing.swift in Sources */,
				6B60A32E2397DEAE006B9066 /* ContentView.swift in Sources */,
				6B8AEC012397C7E300017FFD /* SceneDelegate.swift in Sources */,
				6B6A610A239EB35E008ADA4A /* CGPoint+Region.swift in Sources */,
				6BCC70B0239D414D008CAD47 /* CGPoint+Angle.swift in Sources */,
				6B60A32C2397DCED006B9066 /* SongCardView.swift in Sources */,
				17C079FA23A058E200719A4A /* AudioPlayer.swift in Sources */,
				6B60A333239914FB006B9066 /* AlbumView.swift in Sources */,
				6B6A6108239EB17A008ADA4A /* Region.swift in Sources */,
				6B8AEC032397C7E300017FFD /* ControlPadView.swift in Sources */,
				6B6A6106239E4AEB008ADA4A /* Buildable.swift in Sources */,
			);
			runOnlyForDeploymentPostprocessing = 0;
		};
/* End PBXSourcesBuildPhase section */

/* Begin PBXVariantGroup section */
		6B8AEC092397C7E500017FFD /* LaunchScreen.storyboard */ = {
			isa = PBXVariantGroup;
			children = (
				6B8AEC0A2397C7E500017FFD /* Base */,
			);
			name = LaunchScreen.storyboard;
			sourceTree = "<group>";
		};
/* End PBXVariantGroup section */

/* Begin XCBuildConfiguration section */
		6B8AEC0D2397C7E500017FFD /* Debug */ = {
			isa = XCBuildConfiguration;
			buildSettings = {
				ALWAYS_SEARCH_USER_PATHS = NO;
				CLANG_ANALYZER_NONNULL = YES;
				CLANG_ANALYZER_NUMBER_OBJECT_CONVERSION = YES_AGGRESSIVE;
				CLANG_CXX_LANGUAGE_STANDARD = "gnu++14";
				CLANG_CXX_LIBRARY = "libc++";
				CLANG_ENABLE_MODULES = YES;
				CLANG_ENABLE_OBJC_ARC = YES;
				CLANG_ENABLE_OBJC_WEAK = YES;
				CLANG_WARN_BLOCK_CAPTURE_AUTORELEASING = YES;
				CLANG_WARN_BOOL_CONVERSION = YES;
				CLANG_WARN_COMMA = YES;
				CLANG_WARN_CONSTANT_CONVERSION = YES;
				CLANG_WARN_DEPRECATED_OBJC_IMPLEMENTATIONS = YES;
				CLANG_WARN_DIRECT_OBJC_ISA_USAGE = YES_ERROR;
				CLANG_WARN_DOCUMENTATION_COMMENTS = YES;
				CLANG_WARN_EMPTY_BODY = YES;
				CLANG_WARN_ENUM_CONVERSION = YES;
				CLANG_WARN_INFINITE_RECURSION = YES;
				CLANG_WARN_INT_CONVERSION = YES;
				CLANG_WARN_NON_LITERAL_NULL_CONVERSION = YES;
				CLANG_WARN_OBJC_IMPLICIT_RETAIN_SELF = YES;
				CLANG_WARN_OBJC_LITERAL_CONVERSION = YES;
				CLANG_WARN_OBJC_ROOT_CLASS = YES_ERROR;
				CLANG_WARN_RANGE_LOOP_ANALYSIS = YES;
				CLANG_WARN_STRICT_PROTOTYPES = YES;
				CLANG_WARN_SUSPICIOUS_MOVE = YES;
				CLANG_WARN_UNGUARDED_AVAILABILITY = YES_AGGRESSIVE;
				CLANG_WARN_UNREACHABLE_CODE = YES;
				CLANG_WARN__DUPLICATE_METHOD_MATCH = YES;
				COPY_PHASE_STRIP = NO;
				DEBUG_INFORMATION_FORMAT = dwarf;
				ENABLE_STRICT_OBJC_MSGSEND = YES;
				ENABLE_TESTABILITY = YES;
				GCC_C_LANGUAGE_STANDARD = gnu11;
				GCC_DYNAMIC_NO_PIC = NO;
				GCC_NO_COMMON_BLOCKS = YES;
				GCC_OPTIMIZATION_LEVEL = 0;
				GCC_PREPROCESSOR_DEFINITIONS = (
					"DEBUG=1",
					"$(inherited)",
				);
				GCC_WARN_64_TO_32_BIT_CONVERSION = YES;
				GCC_WARN_ABOUT_RETURN_TYPE = YES_ERROR;
				GCC_WARN_UNDECLARED_SELECTOR = YES;
				GCC_WARN_UNINITIALIZED_AUTOS = YES_AGGRESSIVE;
				GCC_WARN_UNUSED_FUNCTION = YES;
				GCC_WARN_UNUSED_VARIABLE = YES;
				IPHONEOS_DEPLOYMENT_TARGET = 13.2;
				MTL_ENABLE_DEBUG_INFO = INCLUDE_SOURCE;
				MTL_FAST_MATH = YES;
				ONLY_ACTIVE_ARCH = YES;
				SDKROOT = iphoneos;
				SWIFT_ACTIVE_COMPILATION_CONDITIONS = DEBUG;
				SWIFT_OPTIMIZATION_LEVEL = "-Onone";
			};
			name = Debug;
		};
		6B8AEC0E2397C7E500017FFD /* Release */ = {
			isa = XCBuildConfiguration;
			buildSettings = {
				ALWAYS_SEARCH_USER_PATHS = NO;
				CLANG_ANALYZER_NONNULL = YES;
				CLANG_ANALYZER_NUMBER_OBJECT_CONVERSION = YES_AGGRESSIVE;
				CLANG_CXX_LANGUAGE_STANDARD = "gnu++14";
				CLANG_CXX_LIBRARY = "libc++";
				CLANG_ENABLE_MODULES = YES;
				CLANG_ENABLE_OBJC_ARC = YES;
				CLANG_ENABLE_OBJC_WEAK = YES;
				CLANG_WARN_BLOCK_CAPTURE_AUTORELEASING = YES;
				CLANG_WARN_BOOL_CONVERSION = YES;
				CLANG_WARN_COMMA = YES;
				CLANG_WARN_CONSTANT_CONVERSION = YES;
				CLANG_WARN_DEPRECATED_OBJC_IMPLEMENTATIONS = YES;
				CLANG_WARN_DIRECT_OBJC_ISA_USAGE = YES_ERROR;
				CLANG_WARN_DOCUMENTATION_COMMENTS = YES;
				CLANG_WARN_EMPTY_BODY = YES;
				CLANG_WARN_ENUM_CONVERSION = YES;
				CLANG_WARN_INFINITE_RECURSION = YES;
				CLANG_WARN_INT_CONVERSION = YES;
				CLANG_WARN_NON_LITERAL_NULL_CONVERSION = YES;
				CLANG_WARN_OBJC_IMPLICIT_RETAIN_SELF = YES;
				CLANG_WARN_OBJC_LITERAL_CONVERSION = YES;
				CLANG_WARN_OBJC_ROOT_CLASS = YES_ERROR;
				CLANG_WARN_RANGE_LOOP_ANALYSIS = YES;
				CLANG_WARN_STRICT_PROTOTYPES = YES;
				CLANG_WARN_SUSPICIOUS_MOVE = YES;
				CLANG_WARN_UNGUARDED_AVAILABILITY = YES_AGGRESSIVE;
				CLANG_WARN_UNREACHABLE_CODE = YES;
				CLANG_WARN__DUPLICATE_METHOD_MATCH = YES;
				COPY_PHASE_STRIP = NO;
				DEBUG_INFORMATION_FORMAT = "dwarf-with-dsym";
				ENABLE_NS_ASSERTIONS = NO;
				ENABLE_STRICT_OBJC_MSGSEND = YES;
				GCC_C_LANGUAGE_STANDARD = gnu11;
				GCC_NO_COMMON_BLOCKS = YES;
				GCC_WARN_64_TO_32_BIT_CONVERSION = YES;
				GCC_WARN_ABOUT_RETURN_TYPE = YES_ERROR;
				GCC_WARN_UNDECLARED_SELECTOR = YES;
				GCC_WARN_UNINITIALIZED_AUTOS = YES_AGGRESSIVE;
				GCC_WARN_UNUSED_FUNCTION = YES;
				GCC_WARN_UNUSED_VARIABLE = YES;
				IPHONEOS_DEPLOYMENT_TARGET = 13.2;
				MTL_ENABLE_DEBUG_INFO = NO;
				MTL_FAST_MATH = YES;
				SDKROOT = iphoneos;
				SWIFT_COMPILATION_MODE = wholemodule;
				SWIFT_OPTIMIZATION_LEVEL = "-O";
				VALIDATE_PRODUCT = YES;
			};
			name = Release;
		};
		6B8AEC102397C7E500017FFD /* Debug */ = {
			isa = XCBuildConfiguration;
			buildSettings = {
				ASSETCATALOG_COMPILER_APPICON_NAME = AppIcon;
				CODE_SIGN_STYLE = Automatic;
				DEVELOPMENT_ASSET_PATHS = "\"iPod/Preview Content\"";
				DEVELOPMENT_TEAM = FMMUM2Q3NC;
				ENABLE_PREVIEWS = YES;
				INFOPLIST_FILE = iPod/Info.plist;
				LD_RUNPATH_SEARCH_PATHS = (
					"$(inherited)",
					"@executable_path/Frameworks",
				);
				PRODUCT_BUNDLE_IDENTIFIER = com.fmoyader.example.iPod;
				PRODUCT_NAME = "$(TARGET_NAME)";
				SWIFT_VERSION = 5.0;
				TARGETED_DEVICE_FAMILY = "1,2";
			};
			name = Debug;
		};
		6B8AEC112397C7E500017FFD /* Release */ = {
			isa = XCBuildConfiguration;
			buildSettings = {
				ASSETCATALOG_COMPILER_APPICON_NAME = AppIcon;
				CODE_SIGN_STYLE = Automatic;
				DEVELOPMENT_ASSET_PATHS = "\"iPod/Preview Content\"";
				DEVELOPMENT_TEAM = FMMUM2Q3NC;
				ENABLE_PREVIEWS = YES;
				INFOPLIST_FILE = iPod/Info.plist;
				LD_RUNPATH_SEARCH_PATHS = (
					"$(inherited)",
					"@executable_path/Frameworks",
				);
				PRODUCT_BUNDLE_IDENTIFIER = com.fmoyader.example.iPod;
				PRODUCT_NAME = "$(TARGET_NAME)";
				SWIFT_VERSION = 5.0;
				TARGETED_DEVICE_FAMILY = "1,2";
			};
			name = Release;
		};
/* End XCBuildConfiguration section */

/* Begin XCConfigurationList section */
		6B8AEBF62397C7E300017FFD /* Build configuration list for PBXProject "iPod" */ = {
			isa = XCConfigurationList;
			buildConfigurations = (
				6B8AEC0D2397C7E500017FFD /* Debug */,
				6B8AEC0E2397C7E500017FFD /* Release */,
			);
			defaultConfigurationIsVisible = 0;
			defaultConfigurationName = Release;
		};
		6B8AEC0F2397C7E500017FFD /* Build configuration list for PBXNativeTarget "iPod" */ = {
			isa = XCConfigurationList;
			buildConfigurations = (
				6B8AEC102397C7E500017FFD /* Debug */,
				6B8AEC112397C7E500017FFD /* Release */,
			);
			defaultConfigurationIsVisible = 0;
			defaultConfigurationName = Release;
		};
/* End XCConfigurationList section */
	};
	rootObject = 6B8AEBF32397C7E300017FFD /* Project object */;
}
